
Microsoft Visual Studio Solution File, Format Version 12.00
# Visual Studio Version 17
VisualStudioVersion = 17.11.35312.102
MinimumVisualStudioVersion = 10.0.40219.1
Project("{FAE04EC0-301F-11D3-BF4B-00C04F79EFBC}") = "ProjectSlenium", "ProjectSlenium.csproj", "{DE3AD028-2EC8-4038-ACB3-E3F73AF1F5C1}"
EndProject
Global
	GlobalSection(SolutionConfigurationPlatforms) = preSolution
		Debug|Any CPU = Debug|Any CPU
		Release|Any CPU = Release|Any CPU
	EndGlobalSection
	GlobalSection(ProjectConfigurationPlatforms) = postSolution
		{DE3AD028-2EC8-4038-ACB3-E3F73AF1F5C1}.Debug|Any CPU.ActiveCfg = Debug|Any CPU
		{DE3AD028-2EC8-4038-ACB3-E3F73AF1F5C1}.Debug|Any CPU.Build.0 = Debug|Any CPU
		{DE3AD028-2EC8-4038-ACB3-E3F73AF1F5C1}.Release|Any CPU.ActiveCfg = Release|Any CPU
		{DE3AD028-2EC8-4038-ACB3-E3F73AF1F5C1}.Release|Any CPU.Build.0 = Release|Any CPU
	EndGlobalSection
	GlobalSection(SolutionProperties) = preSolution
		HideSolutionNode = FALSE
	EndGlobalSection
	GlobalSection(ExtensibilityGlobals) = postSolution
		SolutionGuid = {5EEA93B8-D89D-404E-91BB-C11C479D9FC6}
	EndGlobalSection
EndGlobal
